// !$*UTF8*$!
{
	archiveVersion = 1;
	classes = {
	};
	objectVersion = 77;
	objects = {

/* Begin PBXBuildFile section */
		224997E22F1B0CF400DFF2C1 /* MLX in Frameworks */ = {isa = PBXBuildFile; productRef = 22498F532F1B020000DFF2C1 /* MLX */; };
		224997E32F1B0CF400DFF2C1 /* PythonKit in Frameworks */ = {isa = PBXBuildFile; productRef = 22498F552F1B021000DFF2C1 /* PythonKit */; };
/* End PBXBuildFile section */

/* Begin PBXContainerItemProxy section */
		226BAEC42F18C7FF0053B862 /* PBXContainerItemProxy */ = {
			isa = PBXContainerItemProxy;
			containerPortal = 226BAEAC2F18C7FE0053B862 /* Project object */;
			proxyType = 1;
			remoteGlobalIDString = 226BAEB32F18C7FE0053B862;
			remoteInfo = Track;
		};
		226BAECE2F18C7FF0053B862 /* PBXContainerItemProxy */ = {
			isa = PBXContainerItemProxy;
			containerPortal = 226BAEAC2F18C7FE0053B862 /* Project object */;
			proxyType = 1;
			remoteGlobalIDString = 226BAEB32F18C7FE0053B862;
			remoteInfo = Track;
		};
/* End PBXContainerItemProxy section */

/* Begin PBXFileReference section */
		226BAEB42F18C7FE0053B862 /* Track.app */ = {isa = PBXFileReference; explicitFileType = wrapper.application; includeInIndex = 0; path = Track.app; sourceTree = BUILT_PRODUCTS_DIR; };
		226BAEC32F18C7FF0053B862 /* TrackTests.xctest */ = {isa = PBXFileReference; explicitFileType = wrapper.cfbundle; includeInIndex = 0; path = TrackTests.xctest; sourceTree = BUILT_PRODUCTS_DIR; };
		226BAECD2F18C7FF0053B862 /* TrackUITests.xctest */ = {isa = PBXFileReference; explicitFileType = wrapper.cfbundle; includeInIndex = 0; path = TrackUITests.xctest; sourceTree = BUILT_PRODUCTS_DIR; };
/* End PBXFileReference section */

/* Begin PBXFileSystemSynchronizedRootGroup section */
		226BAEB62F18C7FE0053B862 /* Track */ = {
			isa = PBXFileSystemSynchronizedRootGroup;
			path = Track;
			sourceTree = "<group>";
		};
		226BAEC62F18C7FF0053B862 /* TrackTests */ = {
			isa = PBXFileSystemSynchronizedRootGroup;
			path = TrackTests;
			sourceTree = "<group>";
		};
		226BAED02F18C7FF0053B862 /* TrackUITests */ = {
			isa = PBXFileSystemSynchronizedRootGroup;
			path = TrackUITests;
			sourceTree = "<group>";
		};
/* End PBXFileSystemSynchronizedRootGroup section */

/* Begin PBXFrameworksBuildPhase section */
		226BAEB12F18C7FE0053B862 /* Frameworks */ = {
			isa = PBXFrameworksBuildPhase;
			buildActionMask = 2147483647;
			files = (
				224997E32F1B0CF400DFF2C1 /* PythonKit in Frameworks */,
				224997E22F1B0CF400DFF2C1 /* MLX in Frameworks */,
			);
			runOnlyForDeploymentPostprocessing = 0;
		};
		226BAEC02F18C7FF0053B862 /* Frameworks */ = {
			isa = PBXFrameworksBuildPhase;
			buildActionMask = 2147483647;
			files = (
			);
			runOnlyForDeploymentPostprocessing = 0;
		};
		226BAECA2F18C7FF0053B862 /* Frameworks */ = {
			isa = PBXFrameworksBuildPhase;
			buildActionMask = 2147483647;
			files = (
			);
			runOnlyForDeploymentPostprocessing = 0;
		};
/* End PBXFrameworksBuildPhase section */

/* Begin PBXGroup section */
		226BAEAB2F18C7FE0053B862 = {
			isa = PBXGroup;
			children = (
				226BAEB62F18C7FE0053B862 /* Track */,
				226BAEC62F18C7FF0053B862 /* TrackTests */,
				226BAED02F18C7FF0053B862 /* TrackUITests */,
				226BAEB52F18C7FE0053B862 /* Products */,
			);
			sourceTree = "<group>";
		};
		226BAEB52F18C7FE0053B862 /* Products */ = {
			isa = PBXGroup;
			children = (
				226BAEB42F18C7FE0053B862 /* Track.app */,
				226BAEC32F18C7FF0053B862 /* TrackTests.xctest */,
				226BAECD2F18C7FF0053B862 /* TrackUITests.xctest */,
			);
			name = Products;
			sourceTree = "<group>";
		};
/* End PBXGroup section */

/* Begin PBXNativeTarget section */
		226BAEB32F18C7FE0053B862 /* Track */ = {
			isa = PBXNativeTarget;
			buildConfigurationList = 226BAED72F18C7FF0053B862 /* Build configuration list for PBXNativeTarget "Track" */;
			buildPhases = (
				226BAEB02F18C7FE0053B862 /* Sources */,
				226BAEB12F18C7FE0053B862 /* Frameworks */,
				226BAEB22F18C7FE0053B862 /* Resources */,
			);
			buildRules = (
			);
			dependencies = (
			);
			fileSystemSynchronizedGroups = (
				226BAEB62F18C7FE0053B862 /* Track */,
			);
			name = Track;
			packageProductDependencies = (
				22498F532F1B020000DFF2C1 /* MLX */,
				22498F552F1B021000DFF2C1 /* PythonKit */,
			);
			productName = Track;
			productReference = 226BAEB42F18C7FE0053B862 /* Track.app */;
			productType = "com.apple.product-type.application";
		};
		226BAEC22F18C7FF0053B862 /* TrackTests */ = {
			isa = PBXNativeTarget;
			buildConfigurationList = 226BAEDA2F18C7FF0053B862 /* Build configuration list for PBXNativeTarget "TrackTests" */;
			buildPhases = (
				226BAEBF2F18C7FF0053B862 /* Sources */,
				226BAEC02F18C7FF0053B862 /* Frameworks */,
				226BAEC12F18C7FF0053B862 /* Resources */,
			);
			buildRules = (
			);
			dependencies = (
				226BAEC52F18C7FF0053B862 /* PBXTargetDependency */,
			);
			fileSystemSynchronizedGroups = (
				226BAEC62F18C7FF0053B862 /* TrackTests */,
			);
			name = TrackTests;
			packageProductDependencies = (
			);
			productName = TrackTests;
			productReference = 226BAEC32F18C7FF0053B862 /* TrackTests.xctest */;
			productType = "com.apple.product-type.bundle.unit-test";
		};
		226BAECC2F18C7FF0053B862 /* TrackUITests */ = {
			isa = PBXNativeTarget;
			buildConfigurationList = 226BAEDD2F18C7FF0053B862 /* Build configuration list for PBXNativeTarget "TrackUITests" */;
			buildPhases = (
				226BAEC92F18C7FF0053B862 /* Sources */,
				226BAECA2F18C7FF0053B862 /* Frameworks */,
				226BAECB2F18C7FF0053B862 /* Resources */,
			);
			buildRules = (
			);
			dependencies = (
				226BAECF2F18C7FF0053B862 /* PBXTargetDependency */,
			);
			fileSystemSynchronizedGroups = (
				226BAED02F18C7FF0053B862 /* TrackUITests */,
			);
			name = TrackUITests;
			packageProductDependencies = (
			);
			productName = TrackUITests;
			productReference = 226BAECD2F18C7FF0053B862 /* TrackUITests.xctest */;
			productType = "com.apple.product-type.bundle.ui-testing";
		};
/* End PBXNativeTarget section */

/* Begin PBXProject section */
		226BAEAC2F18C7FE0053B862 /* Project object */ = {
			isa = PBXProject;
			attributes = {
				BuildIndependentTargetsInParallel = 1;
				LastSwiftUpdateCheck = 2620;
				LastUpgradeCheck = 2620;
				TargetAttributes = {
					226BAEB32F18C7FE0053B862 = {
						CreatedOnToolsVersion = 26.2;
					};
					226BAEC22F18C7FF0053B862 = {
						CreatedOnToolsVersion = 26.2;
						TestTargetID = 226BAEB32F18C7FE0053B862;
					};
					226BAECC2F18C7FF0053B862 = {
						CreatedOnToolsVersion = 26.2;
						TestTargetID = 226BAEB32F18C7FE0053B862;
					};
				};
			};
			buildConfigurationList = 226BAEAF2F18C7FE0053B862 /* Build configuration list for PBXProject "Track" */;
			developmentRegion = en;
			hasScannedForEncodings = 0;
			knownRegions = (
				en,
				Base,
			);
			mainGroup = 226BAEAB2F18C7FE0053B862;
			minimizedProjectReferenceProxies = 1;
			packageReferences = (
				22498F522F1B020000DFF2C1 /* XCRemoteSwiftPackageReference "mlx-swift" */,
				22498F542F1B021000DFF2C1 /* XCRemoteSwiftPackageReference "PythonKit" */,
			);
			preferredProjectObjectVersion = 77;
			productRefGroup = 226BAEB52F18C7FE0053B862 /* Products */;
			projectDirPath = "";
			projectRoot = "";
			targets = (
				226BAEB32F18C7FE0053B862 /* Track */,
				226BAEC22F18C7FF0053B862 /* TrackTests */,
				226BAECC2F18C7FF0053B862 /* TrackUITests */,
			);
		};
/* End PBXProject section */

/* Begin PBXResourcesBuildPhase section */
		226BAEB22F18C7FE0053B862 /* Resources */ = {
			isa = PBXResourcesBuildPhase;
			buildActionMask = 2147483647;
			files = (
			);
			runOnlyForDeploymentPostprocessing = 0;
		};
		226BAEC12F18C7FF0053B862 /* Resources */ = {
			isa = PBXResourcesBuildPhase;
			buildActionMask = 2147483647;
			files = (
			);
			runOnlyForDeploymentPostprocessing = 0;
		};
		226BAECB2F18C7FF0053B862 /* Resources */ = {
			isa = PBXResourcesBuildPhase;
			buildActionMask = 2147483647;
			files = (
			);
			runOnlyForDeploymentPostprocessing = 0;
		};
/* End PBXResourcesBuildPhase section */

/* Begin PBXSourcesBuildPhase section */
		226BAEB02F18C7FE0053B862 /* Sources */ = {
			isa = PBXSourcesBuildPhase;
			buildActionMask = 2147483647;
			files = (
			);
			runOnlyForDeploymentPostprocessing = 0;
		};
		226BAEBF2F18C7FF0053B862 /* Sources */ = {
			isa = PBXSourcesBuildPhase;
			buildActionMask = 2147483647;
			files = (
			);
			runOnlyForDeploymentPostprocessing = 0;
		};
		226BAEC92F18C7FF0053B862 /* Sources */ = {
			isa = PBXSourcesBuildPhase;
			buildActionMask = 2147483647;
			files = (
			);
			runOnlyForDeploymentPostprocessing = 0;
		};
/* End PBXSourcesBuildPhase section */

/* Begin PBXTargetDependency section */
		226BAEC52F18C7FF0053B862 /* PBXTargetDependency */ = {
			isa = PBXTargetDependency;
			target = 226BAEB32F18C7FE0053B862 /* Track */;
			targetProxy = 226BAEC42F18C7FF0053B862 /* PBXContainerItemProxy */;
		};
		226BAECF2F18C7FF0053B862 /* PBXTargetDependency */ = {
			isa = PBXTargetDependency;
			target = 226BAEB32F18C7FE0053B862 /* Track */;
			targetProxy = 226BAECE2F18C7FF0053B862 /* PBXContainerItemProxy */;
		};
/* End PBXTargetDependency section */

/* Begin XCBuildConfiguration section */
		226BAED52F18C7FF0053B862 /* Debug */ = {
			isa = XCBuildConfiguration;
			buildSettings = {
				ALWAYS_SEARCH_USER_PATHS = NO;
				ASSETCATALOG_COMPILER_GENERATE_SWIFT_ASSET_SYMBOL_EXTENSIONS = YES;
				CLANG_ANALYZER_NONNULL = YES;
				CLANG_ANALYZER_NUMBER_OBJECT_CONVERSION = YES_AGGRESSIVE;
				CLANG_CXX_LANGUAGE_STANDARD = "gnu++20";
				CLANG_ENABLE_MODULES = YES;
				CLANG_ENABLE_OBJC_ARC = YES;
				CLANG_ENABLE_OBJC_WEAK = YES;
				CLANG_WARN_BLOCK_CAPTURE_AUTORELEASING = YES;
				CLANG_WARN_BOOL_CONVERSION = YES;
				CLANG_WARN_COMMA = YES;
				CLANG_WARN_CONSTANT_CONVERSION = YES;
				CLANG_WARN_DEPRECATED_OBJC_IMPLEMENTATIONS = YES;
				CLANG_WARN_DIRECT_OBJC_ISA_USAGE = YES_ERROR;
				CLANG_WARN_DOCUMENTATION_COMMENTS = YES;
				CLANG_WARN_EMPTY_BODY = YES;
				CLANG_WARN_ENUM_CONVERSION = YES;
				CLANG_WARN_INFINITE_RECURSION = YES;
				CLANG_WARN_INT_CONVERSION = YES;
				CLANG_WARN_NON_LITERAL_NULL_CONVERSION = YES;
				CLANG_WARN_OBJC_IMPLICIT_RETAIN_SELF = YES;
				CLANG_WARN_OBJC_LITERAL_CONVERSION = YES;
				CLANG_WARN_OBJC_ROOT_CLASS = YES_ERROR;
				CLANG_WARN_QUOTED_INCLUDE_IN_FRAMEWORK_HEADER = YES;
				CLANG_WARN_RANGE_LOOP_ANALYSIS = YES;
				CLANG_WARN_STRICT_PROTOTYPES = YES;
				CLANG_WARN_SUSPICIOUS_MOVE = YES;
				CLANG_WARN_UNGUARDED_AVAILABILITY = YES_AGGRESSIVE;
				CLANG_WARN_UNREACHABLE_CODE = YES;
				CLANG_WARN__DUPLICATE_METHOD_MATCH = YES;
				COPY_PHASE_STRIP = NO;
				DEBUG_INFORMATION_FORMAT = dwarf;
				DEVELOPMENT_TEAM = B8BG9W2Y38;
				ENABLE_STRICT_OBJC_MSGSEND = YES;
				ENABLE_TESTABILITY = YES;
				ENABLE_USER_SCRIPT_SANDBOXING = YES;
				GCC_C_LANGUAGE_STANDARD = gnu17;
				GCC_DYNAMIC_NO_PIC = NO;
				GCC_NO_COMMON_BLOCKS = YES;
				GCC_OPTIMIZATION_LEVEL = 0;
				GCC_PREPROCESSOR_DEFINITIONS = (
					"DEBUG=1",
					"$(inherited)",
				);
				GCC_WARN_64_TO_32_BIT_CONVERSION = YES;
				GCC_WARN_ABOUT_RETURN_TYPE = YES_ERROR;
				GCC_WARN_UNDECLARED_SELECTOR = YES;
				GCC_WARN_UNINITIALIZED_AUTOS = YES_AGGRESSIVE;
				GCC_WARN_UNUSED_FUNCTION = YES;
				GCC_WARN_UNUSED_VARIABLE = YES;
				LOCALIZATION_PREFERS_STRING_CATALOGS = YES;
				MACOSX_DEPLOYMENT_TARGET = 14.0;
				MTL_ENABLE_DEBUG_INFO = INCLUDE_SOURCE;
				MTL_FAST_MATH = YES;
				ONLY_ACTIVE_ARCH = YES;
				SDKROOT = macosx;
				SUPPORTED_PLATFORMS = macosx;
				SUPPORTS_MACCATALYST = NO;
				SWIFT_ACTIVE_COMPILATION_CONDITIONS = "DEBUG $(inherited)";
				SWIFT_OPTIMIZATION_LEVEL = "-Onone";
			};
			name = Debug;
		};
		226BAED62F18C7FF0053B862 /* Release */ = {
			isa = XCBuildConfiguration;
			buildSettings = {
				ALWAYS_SEARCH_USER_PATHS = NO;
				ASSETCATALOG_COMPILER_GENERATE_SWIFT_ASSET_SYMBOL_EXTENSIONS = YES;
				CLANG_ANALYZER_NONNULL = YES;
				CLANG_ANALYZER_NUMBER_OBJECT_CONVERSION = YES_AGGRESSIVE;
				CLANG_CXX_LANGUAGE_STANDARD = "gnu++20";
				CLANG_ENABLE_MODULES = YES;
				CLANG_ENABLE_OBJC_ARC = YES;
				CLANG_ENABLE_OBJC_WEAK = YES;
				CLANG_WARN_BLOCK_CAPTURE_AUTORELEASING = YES;
				CLANG_WARN_BOOL_CONVERSION = YES;
				CLANG_WARN_COMMA = YES;
				CLANG_WARN_CONSTANT_CONVERSION = YES;
				CLANG_WARN_DEPRECATED_OBJC_IMPLEMENTATIONS = YES;
				CLANG_WARN_DIRECT_OBJC_ISA_USAGE = YES_ERROR;
				CLANG_WARN_DOCUMENTATION_COMMENTS = YES;
				CLANG_WARN_EMPTY_BODY = YES;
				CLANG_WARN_ENUM_CONVERSION = YES;
				CLANG_WARN_INFINITE_RECURSION = YES;
				CLANG_WARN_INT_CONVERSION = YES;
				CLANG_WARN_NON_LITERAL_NULL_CONVERSION = YES;
				CLANG_WARN_OBJC_IMPLICIT_RETAIN_SELF = YES;
				CLANG_WARN_OBJC_LITERAL_CONVERSION = YES;
				CLANG_WARN_OBJC_ROOT_CLASS = YES_ERROR;
				CLANG_WARN_QUOTED_INCLUDE_IN_FRAMEWORK_HEADER = YES;
				CLANG_WARN_RANGE_LOOP_ANALYSIS = YES;
				CLANG_WARN_STRICT_PROTOTYPES = YES;
				CLANG_WARN_SUSPICIOUS_MOVE = YES;
				CLANG_WARN_UNGUARDED_AVAILABILITY = YES_AGGRESSIVE;
				CLANG_WARN_UNREACHABLE_CODE = YES;
				CLANG_WARN__DUPLICATE_METHOD_MATCH = YES;
				COPY_PHASE_STRIP = NO;
				DEBUG_INFORMATION_FORMAT = "dwarf-with-dsym";
				DEVELOPMENT_TEAM = B8BG9W2Y38;
				ENABLE_NS_ASSERTIONS = NO;
				ENABLE_STRICT_OBJC_MSGSEND = YES;
				ENABLE_USER_SCRIPT_SANDBOXING = YES;
				GCC_C_LANGUAGE_STANDARD = gnu17;
				GCC_NO_COMMON_BLOCKS = YES;
				GCC_WARN_64_TO_32_BIT_CONVERSION = YES;
				GCC_WARN_ABOUT_RETURN_TYPE = YES_ERROR;
				GCC_WARN_UNDECLARED_SELECTOR = YES;
				GCC_WARN_UNINITIALIZED_AUTOS = YES_AGGRESSIVE;
				GCC_WARN_UNUSED_FUNCTION = YES;
				GCC_WARN_UNUSED_VARIABLE = YES;
				LOCALIZATION_PREFERS_STRING_CATALOGS = YES;
				MACOSX_DEPLOYMENT_TARGET = 14.0;
				MTL_ENABLE_DEBUG_INFO = NO;
				MTL_FAST_MATH = YES;
				SDKROOT = macosx;
				SUPPORTED_PLATFORMS = macosx;
				SUPPORTS_MACCATALYST = NO;
				SWIFT_COMPILATION_MODE = wholemodule;
				VALIDATE_PRODUCT = YES;
			};
			name = Release;
		};
		226BAED82F18C7FF0053B862 /* Debug */ = {
			isa = XCBuildConfiguration;
			buildSettings = {
				ASSETCATALOG_COMPILER_APPICON_NAME = AppIcon;
				ASSETCATALOG_COMPILER_GLOBAL_ACCENT_COLOR_NAME = AccentColor;
				CODE_SIGN_STYLE = Automatic;
				CURRENT_PROJECT_VERSION = 1;
				DEVELOPMENT_TEAM = B8BG9W2Y38;
				ENABLE_PREVIEWS = YES;
				GENERATE_INFOPLIST_FILE = YES;
				INFOPLIST_KEY_UIApplicationSceneManifest_Generation = YES;
				INFOPLIST_KEY_UIApplicationSupportsIndirectInputEvents = YES;
				INFOPLIST_KEY_UILaunchScreen_Generation = YES;
				INFOPLIST_KEY_UISupportedInterfaceOrientations_iPad = "UIInterfaceOrientationPortrait UIInterfaceOrientationPortraitUpsideDown UIInterfaceOrientationLandscapeLeft UIInterfaceOrientationLandscapeRight";
				INFOPLIST_KEY_UISupportedInterfaceOrientations_iPhone = "UIInterfaceOrientationPortrait UIInterfaceOrientationLandscapeLeft UIInterfaceOrientationLandscapeRight";
				LD_RUNPATH_SEARCH_PATHS = (
					"$(inherited)",
					"@executable_path/Frameworks",
				);
				MARKETING_VERSION = 1.0;
				PRODUCT_BUNDLE_IDENTIFIER = com.pragunseth.Track;
				PRODUCT_NAME = "$(TARGET_NAME)";
				STRING_CATALOG_GENERATE_SYMBOLS = YES;
				SWIFT_APPROACHABLE_CONCURRENCY = YES;
				SWIFT_DEFAULT_ACTOR_ISOLATION = MainActor;
				SWIFT_EMIT_LOC_STRINGS = YES;
				SWIFT_UPCOMING_FEATURE_MEMBER_IMPORT_VISIBILITY = YES;
				SWIFT_VERSION = 5.0;
			};
			name = Debug;
		};
		226BAED92F18C7FF0053B862 /* Release */ = {
			isa = XCBuildConfiguration;
			buildSettings = {
				ASSETCATALOG_COMPILER_APPICON_NAME = AppIcon;
				ASSETCATALOG_COMPILER_GLOBAL_ACCENT_COLOR_NAME = AccentColor;
				CODE_SIGN_STYLE = Automatic;
				CURRENT_PROJECT_VERSION = 1;
				DEVELOPMENT_TEAM = B8BG9W2Y38;
				ENABLE_PREVIEWS = YES;
				GENERATE_INFOPLIST_FILE = YES;
				INFOPLIST_KEY_UIApplicationSceneManifest_Generation = YES;
				INFOPLIST_KEY_UIApplicationSupportsIndirectInputEvents = YES;
				INFOPLIST_KEY_UILaunchScreen_Generation = YES;
				INFOPLIST_KEY_UISupportedInterfaceOrientations_iPad = "UIInterfaceOrientationPortrait UIInterfaceOrientationPortraitUpsideDown UIInterfaceOrientationLandscapeLeft UIInterfaceOrientationLandscapeRight";
				INFOPLIST_KEY_UISupportedInterfaceOrientations_iPhone = "UIInterfaceOrientationPortrait UIInterfaceOrientationLandscapeLeft UIInterfaceOrientationLandscapeRight";
				LD_RUNPATH_SEARCH_PATHS = (
					"$(inherited)",
					"@executable_path/Frameworks",
				);
				MARKETING_VERSION = 1.0;
				PRODUCT_BUNDLE_IDENTIFIER = com.pragunseth.Track;
				PRODUCT_NAME = "$(TARGET_NAME)";
				STRING_CATALOG_GENERATE_SYMBOLS = YES;
				SWIFT_APPROACHABLE_CONCURRENCY = YES;
				SWIFT_DEFAULT_ACTOR_ISOLATION = MainActor;
				SWIFT_EMIT_LOC_STRINGS = YES;
				SWIFT_UPCOMING_FEATURE_MEMBER_IMPORT_VISIBILITY = YES;
				SWIFT_VERSION = 5.0;
			};
			name = Release;
		};
		226BAEDB2F18C7FF0053B862 /* Debug */ = {
			isa = XCBuildConfiguration;
			buildSettings = {
				BUNDLE_LOADER = "$(TEST_HOST)";
				CODE_SIGN_STYLE = Automatic;
				CURRENT_PROJECT_VERSION = 1;
				DEVELOPMENT_TEAM = B8BG9W2Y38;
				GENERATE_INFOPLIST_FILE = YES;
				IPHONEOS_DEPLOYMENT_TARGET = 26.2;
				MARKETING_VERSION = 1.0;
				PRODUCT_BUNDLE_IDENTIFIER = com.pragunseth.TrackTests;
				PRODUCT_NAME = "$(TARGET_NAME)";
				STRING_CATALOG_GENERATE_SYMBOLS = NO;
				SWIFT_APPROACHABLE_CONCURRENCY = YES;
				SWIFT_EMIT_LOC_STRINGS = NO;
				SWIFT_UPCOMING_FEATURE_MEMBER_IMPORT_VISIBILITY = YES;
				SWIFT_VERSION = 5.0;
				TARGETED_DEVICE_FAMILY = "1,2";
				TEST_HOST = "$(BUILT_PRODUCTS_DIR)/Track.app/$(BUNDLE_EXECUTABLE_FOLDER_PATH)/Track";
			};
			name = Debug;
		};
		226BAEDC2F18C7FF0053B862 /* Release */ = {
			isa = XCBuildConfiguration;
			buildSettings = {
				BUNDLE_LOADER = "$(TEST_HOST)";
				CODE_SIGN_STYLE = Automatic;
				CURRENT_PROJECT_VERSION = 1;
				DEVELOPMENT_TEAM = B8BG9W2Y38;
				GENERATE_INFOPLIST_FILE = YES;
				IPHONEOS_DEPLOYMENT_TARGET = 26.2;
				MARKETING_VERSION = 1.0;
				PRODUCT_BUNDLE_IDENTIFIER = com.pragunseth.TrackTests;
				PRODUCT_NAME = "$(TARGET_NAME)";
				STRING_CATALOG_GENERATE_SYMBOLS = NO;
				SWIFT_APPROACHABLE_CONCURRENCY = YES;
				SWIFT_EMIT_LOC_STRINGS = NO;
				SWIFT_UPCOMING_FEATURE_MEMBER_IMPORT_VISIBILITY = YES;
				SWIFT_VERSION = 5.0;
				TARGETED_DEVICE_FAMILY = "1,2";
				TEST_HOST = "$(BUILT_PRODUCTS_DIR)/Track.app/$(BUNDLE_EXECUTABLE_FOLDER_PATH)/Track";
			};
			name = Release;
		};
		226BAEDE2F18C7FF0053B862 /* Debug */ = {
			isa = XCBuildConfiguration;
			buildSettings = {
				CODE_SIGN_STYLE = Automatic;
				CURRENT_PROJECT_VERSION = 1;
				DEVELOPMENT_TEAM = B8BG9W2Y38;
				GENERATE_INFOPLIST_FILE = YES;
				MARKETING_VERSION = 1.0;
				PRODUCT_BUNDLE_IDENTIFIER = com.pragunseth.TrackUITests;
				PRODUCT_NAME = "$(TARGET_NAME)";
				STRING_CATALOG_GENERATE_SYMBOLS = NO;
				SWIFT_APPROACHABLE_CONCURRENCY = YES;
				SWIFT_EMIT_LOC_STRINGS = NO;
				SWIFT_UPCOMING_FEATURE_MEMBER_IMPORT_VISIBILITY = YES;
				SWIFT_VERSION = 5.0;
				TARGETED_DEVICE_FAMILY = "1,2";
				TEST_TARGET_NAME = Track;
			};
			name = Debug;
		};
		226BAEDF2F18C7FF0053B862 /* Release */ = {
			isa = XCBuildConfiguration;
			buildSettings = {
				CODE_SIGN_STYLE = Automatic;
				CURRENT_PROJECT_VERSION = 1;
				DEVELOPMENT_TEAM = B8BG9W2Y38;
				GENERATE_INFOPLIST_FILE = YES;
				MARKETING_VERSION = 1.0;
				PRODUCT_BUNDLE_IDENTIFIER = com.pragunseth.TrackUITests;
				PRODUCT_NAME = "$(TARGET_NAME)";
				STRING_CATALOG_GENERATE_SYMBOLS = NO;
				SWIFT_APPROACHABLE_CONCURRENCY = YES;
				SWIFT_EMIT_LOC_STRINGS = NO;
				SWIFT_UPCOMING_FEATURE_MEMBER_IMPORT_VISIBILITY = YES;
				SWIFT_VERSION = 5.0;
				TARGETED_DEVICE_FAMILY = "1,2";
				TEST_TARGET_NAME = Track;
			};
			name = Release;
		};
/* End XCBuildConfiguration section */

/* Begin XCConfigurationList section */
		226BAEAF2F18C7FE0053B862 /* Build configuration list for PBXProject "Track" */ = {
			isa = XCConfigurationList;
			buildConfigurations = (
				226BAED52F18C7FF0053B862 /* Debug */,
				226BAED62F18C7FF0053B862 /* Release */,
			);
			defaultConfigurationIsVisible = 0;
			defaultConfigurationName = Release;
		};
		226BAED72F18C7FF0053B862 /* Build configuration list for PBXNativeTarget "Track" */ = {
			isa = XCConfigurationList;
			buildConfigurations = (
				226BAED82F18C7FF0053B862 /* Debug */,
				226BAED92F18C7FF0053B862 /* Release */,
			);
			defaultConfigurationIsVisible = 0;
			defaultConfigurationName = Release;
		};
		226BAEDA2F18C7FF0053B862 /* Build configuration list for PBXNativeTarget "TrackTests" */ = {
			isa = XCConfigurationList;
			buildConfigurations = (
				226BAEDB2F18C7FF0053B862 /* Debug */,
				226BAEDC2F18C7FF0053B862 /* Release */,
			);
			defaultConfigurationIsVisible = 0;
			defaultConfigurationName = Release;
		};
		226BAEDD2F18C7FF0053B862 /* Build configuration list for PBXNativeTarget "TrackUITests" */ = {
			isa = XCConfigurationList;
			buildConfigurations = (
				226BAEDE2F18C7FF0053B862 /* Debug */,
				226BAEDF2F18C7FF0053B862 /* Release */,
			);
			defaultConfigurationIsVisible = 0;
			defaultConfigurationName = Release;
		};
/* End XCConfigurationList section */

/* Begin XCRemoteSwiftPackageReference section */
		22498F522F1B020000DFF2C1 /* XCRemoteSwiftPackageReference "mlx-swift" */ = {
			isa = XCRemoteSwiftPackageReference;
			repositoryURL = "https://github.com/ml-explore/mlx-swift.git";
			requirement = {
				kind = upToNextMajorVersion;
				minimumVersion = 0.10.0;
			};
		};
		22498F542F1B021000DFF2C1 /* XCRemoteSwiftPackageReference "PythonKit" */ = {
			isa = XCRemoteSwiftPackageReference;
			repositoryURL = "https://github.com/pvieito/PythonKit.git";
			requirement = {
				kind = upToNextMajorVersion;
				minimumVersion = 0.3.0;
			};
		};
/* End XCRemoteSwiftPackageReference section */

/* Begin XCSwiftPackageProductDependency section */
		22498F532F1B020000DFF2C1 /* MLX */ = {
			isa = XCSwiftPackageProductDependency;
			package = 22498F522F1B020000DFF2C1 /* XCRemoteSwiftPackageReference "mlx-swift" */;
			productName = MLX;
		};
		22498F552F1B021000DFF2C1 /* PythonKit */ = {
			isa = XCSwiftPackageProductDependency;
			package = 22498F542F1B021000DFF2C1 /* XCRemoteSwiftPackageReference "PythonKit" */;
			productName = PythonKit;
		};
/* End XCSwiftPackageProductDependency section */
	};
	rootObject = 226BAEAC2F18C7FE0053B862 /* Project object */;
}
